
Microsoft Visual Studio Solution File, Format Version 12.00
# Visual Studio 2013
VisualStudioVersion = 12.0.21005.1
MinimumVisualStudioVersion = 10.0.40219.1
Project("{8BC9CEB8-8B4A-11D0-8D11-00A0C91BC942}") = "SG", "SG\SG.vcxproj", "{BA5C1A89-F054-42B1-94D5-B77899339802}"
EndProject
Project("{2150E333-8FDC-42A3-9474-1A3956D46DE8}") = ".nuget", ".nuget", "{D85BF230-507C-4A0D-831C-0B4A76C0D633}"
	ProjectSection(SolutionItems) = preProject
		.nuget\NuGet.Config = .nuget\NuGet.Config
		.nuget\NuGet.exe = .nuget\NuGet.exe
		.nuget\NuGet.targets = .nuget\NuGet.targets
	EndProjectSection
EndProject
Project("{8BC9CEB8-8B4A-11D0-8D11-00A0C91BC942}") = "DirectXTK_Desktop_2013", "SG\DirectXTK\DirectXTK_Desktop_2013.vcxproj", "{E0B52AE7-E160-4D32-BF3F-910B785E5A8E}"
EndProject
Global
	GlobalSection(SolutionConfigurationPlatforms) = preSolution
		Debug|Win32 = Debug|Win32
		Debug|x64 = Debug|x64
		Profile|Win32 = Profile|Win32
		Profile|x64 = Profile|x64
		Release|Win32 = Release|Win32
		Release|x64 = Release|x64
	EndGlobalSection
	GlobalSection(ProjectConfigurationPlatforms) = postSolution
		{BA5C1A89-F054-42B1-94D5-B77899339802}.Debug|Win32.ActiveCfg = Debug|Win32
		{BA5C1A89-F054-42B1-94D5-B77899339802}.Debug|Win32.Build.0 = Debug|Win32
		{BA5C1A89-F054-42B1-94D5-B77899339802}.Debug|x64.ActiveCfg = Debug|x64
		{BA5C1A89-F054-42B1-94D5-B77899339802}.Debug|x64.Build.0 = Debug|x64
		{BA5C1A89-F054-42B1-94D5-B77899339802}.Profile|Win32.ActiveCfg = Release|Win32
		{BA5C1A89-F054-42B1-94D5-B77899339802}.Profile|Win32.Build.0 = Release|Win32
		{BA5C1A89-F054-42B1-94D5-B77899339802}.Profile|x64.ActiveCfg = Release|Win32
		{BA5C1A89-F054-42B1-94D5-B77899339802}.Release|Win32.ActiveCfg = Release|Win32
		{BA5C1A89-F054-42B1-94D5-B77899339802}.Release|Win32.Build.0 = Release|Win32
		{BA5C1A89-F054-42B1-94D5-B77899339802}.Release|x64.ActiveCfg = Release|Win32
		{E0B52AE7-E160-4D32-BF3F-910B785E5A8E}.Debug|Win32.ActiveCfg = Debug|Win32
		{E0B52AE7-E160-4D32-BF3F-910B785E5A8E}.Debug|Win32.Build.0 = Debug|Win32
		{E0B52AE7-E160-4D32-BF3F-910B785E5A8E}.Debug|x64.ActiveCfg = Debug|x64
		{E0B52AE7-E160-4D32-BF3F-910B785E5A8E}.Debug|x64.Build.0 = Debug|x64
		{E0B52AE7-E160-4D32-BF3F-910B785E5A8E}.Profile|Win32.ActiveCfg = Release|Win32
		{E0B52AE7-E160-4D32-BF3F-910B785E5A8E}.Profile|Win32.Build.0 = Release|Win32
		{E0B52AE7-E160-4D32-BF3F-910B785E5A8E}.Profile|x64.ActiveCfg = Release|x64
		{E0B52AE7-E160-4D32-BF3F-910B785E5A8E}.Profile|x64.Build.0 = Release|x64
		{E0B52AE7-E160-4D32-BF3F-910B785E5A8E}.Release|Win32.ActiveCfg = Release|Win32
		{E0B52AE7-E160-4D32-BF3F-910B785E5A8E}.Release|Win32.Build.0 = Release|Win32
		{E0B52AE7-E160-4D32-BF3F-910B785E5A8E}.Release|x64.ActiveCfg = Release|x64
		{E0B52AE7-E160-4D32-BF3F-910B785E5A8E}.Release|x64.Build.0 = Release|x64
	EndGlobalSection
	GlobalSection(SolutionProperties) = preSolution
		HideSolutionNode = FALSE
	EndGlobalSection
EndGlobal
