
Microsoft Visual Studio Solution File, Format Version 12.00
# Visual Studio 2012
Project("{FAE04EC0-301F-11D3-BF4B-00C04F79EFBC}") = "SG", "SG\SG.csproj", "{FD022398-87EA-4AC5-AA54-5F188D009D6B}"
EndProject
Global
	GlobalSection(SolutionConfigurationPlatforms) = preSolution
		Debug|Any CPU = Debug|Any CPU
		Release|Any CPU = Release|Any CPU
	EndGlobalSection
	GlobalSection(ProjectConfigurationPlatforms) = postSolution
		{FD022398-87EA-4AC5-AA54-5F188D009D6B}.Debug|Any CPU.ActiveCfg = Debug|Any CPU
		{FD022398-87EA-4AC5-AA54-5F188D009D6B}.Debug|Any CPU.Build.0 = Debug|Any CPU
		{FD022398-87EA-4AC5-AA54-5F188D009D6B}.Release|Any CPU.ActiveCfg = Release|Any CPU
		{FD022398-87EA-4AC5-AA54-5F188D009D6B}.Release|Any CPU.Build.0 = Release|Any CPU
	EndGlobalSection
	GlobalSection(SolutionProperties) = preSolution
		HideSolutionNode = FALSE
	EndGlobalSection
EndGlobal
